Microsoft Visual Studio Solution File, Format Version 12.00
# Visual Studio Version 17
VisualStudioVersion = 17.2.32210.308
MinimumVisualStudioVersion = 15.0.26124.0
Project("{2150E333-8FDC-42A3-9474-1A3956D46DE8}") = "Source", "Source", "{71CF26F0-EAFC-4B64-BC68-BFC9756CF1B1}"
EndProject
Project("{2150E333-8FDC-42A3-9474-1A3956D46DE8}") = "Platforms", "Platforms", "{266AAFBA-FDDC-4272-8FDE-3BB411C6FC3D}"
EndProject
Project("{9A19103F-16F7-4668-BE54-9A1E7A4F7556}") = "TubePlayer", "TubePlayer\TubePlayer.csproj", "{6EA1EF1F-D7AD-483E-AA7D-7112D66B53AE}"
EndProject
Project("{9A19103F-16F7-4668-BE54-9A1E7A4F7556}") = "TubePlayer.Base", "TubePlayer.Base\TubePlayer.Base.csproj", "{2189102C-8698-4760-A2C5-ADED686F84E2}"
EndProject
Project("{9A19103F-16F7-4668-BE54-9A1E7A4F7556}") = "TubePlayer.Mobile", "TubePlayer.Mobile\TubePlayer.Mobile.csproj", "{9540EAC0-6667-440C-83CB-A459DCFFF4BA}"
EndProject
Project("{9A19103F-16F7-4668-BE54-9A1E7A4F7556}") = "TubePlayer.Wasm", "TubePlayer.Wasm\TubePlayer.Wasm.csproj", "{D820382D-5CC2-4B0A-80CC-4E35F956F4DC}"
EndProject
Project("{9A19103F-16F7-4668-BE54-9A1E7A4F7556}") = "TubePlayer.Skia.Gtk", "TubePlayer.Skia.Gtk\TubePlayer.Skia.Gtk.csproj", "{CE180541-1D41-4B75-9394-7D47EB5A7BBB}"
EndProject
Project("{9A19103F-16F7-4668-BE54-9A1E7A4F7556}") = "TubePlayer.Windows", "TubePlayer.Windows\TubePlayer.Windows.csproj", "{FA9192DD-3DF5-4A89-B110-93AB4993C44B}"
EndProject
Project("{2150E333-8FDC-42A3-9474-1A3956D46DE8}") = "Solution Items", "Solution Items", "{BADA71DC-7FFD-4EDC-9F28-FB74AEADC713}"
	ProjectSection(SolutionItems) = preProject
		.gitignore = .gitignore
		Directory.Build.props = Directory.Build.props
		Directory.Build.targets = Directory.Build.targets
		Directory.Packages.props = Directory.Packages.props
		solution-config.props.sample = solution-config.props.sample
	EndProjectSection
EndProject
Global
	GlobalSection(SolutionConfigurationPlatforms) = preSolution
		Debug|Any CPU = Debug|Any CPU
		Debug|ARM = Debug|ARM
		Debug|ARM64 = Debug|ARM64
		Debug|iPhone = Debug|iPhone
		Debug|iPhoneSimulator = Debug|iPhoneSimulator
		Debug|x64 = Debug|x64
		Debug|x86 = Debug|x86
		Release|Any CPU = Release|Any CPU
		Release|ARM = Release|ARM
		Release|ARM64 = Release|ARM64
		Release|iPhone = Release|iPhone
		Release|iPhoneSimulator = Release|iPhoneSimulator
		Release|x64 = Release|x64
		Release|x86 = Release|x86
	EndGlobalSection
	GlobalSection(ProjectConfigurationPlatforms) = postSolution
		{6EA1EF1F-D7AD-483E-AA7D-7112D66B53AE}.Debug|Any CPU.ActiveCfg = Debug|Any CPU
		{6EA1EF1F-D7AD-483E-AA7D-7112D66B53AE}.Debug|Any CPU.Build.0 = Debug|Any CPU
		{6EA1EF1F-D7AD-483E-AA7D-7112D66B53AE}.Debug|ARM.ActiveCfg = Debug|Any CPU
		{6EA1EF1F-D7AD-483E-AA7D-7112D66B53AE}.Debug|ARM.Build.0 = Debug|Any CPU
		{6EA1EF1F-D7AD-483E-AA7D-7112D66B53AE}.Debug|ARM64.ActiveCfg = Debug|Any CPU
		{6EA1EF1F-D7AD-483E-AA7D-7112D66B53AE}.Debug|ARM64.Build.0 = Debug|Any CPU
		{6EA1EF1F-D7AD-483E-AA7D-7112D66B53AE}.Debug|iPhone.ActiveCfg = Debug|Any CPU
		{6EA1EF1F-D7AD-483E-AA7D-7112D66B53AE}.Debug|iPhone.Build.0 = Debug|Any CPU
		{6EA1EF1F-D7AD-483E-AA7D-7112D66B53AE}.Debug|iPhoneSimulator.ActiveCfg = Debug|Any CPU
		{6EA1EF1F-D7AD-483E-AA7D-7112D66B53AE}.Debug|iPhoneSimulator.Build.0 = Debug|Any CPU
		{6EA1EF1F-D7AD-483E-AA7D-7112D66B53AE}.Debug|x64.ActiveCfg = Debug|Any CPU
		{6EA1EF1F-D7AD-483E-AA7D-7112D66B53AE}.Debug|x64.Build.0 = Debug|Any CPU
		{6EA1EF1F-D7AD-483E-AA7D-7112D66B53AE}.Debug|x86.ActiveCfg = Debug|Any CPU
		{6EA1EF1F-D7AD-483E-AA7D-7112D66B53AE}.Debug|x86.Build.0 = Debug|Any CPU
		{6EA1EF1F-D7AD-483E-AA7D-7112D66B53AE}.Release|Any CPU.ActiveCfg = Release|Any CPU
		{6EA1EF1F-D7AD-483E-AA7D-7112D66B53AE}.Release|Any CPU.Build.0 = Release|Any CPU
		{6EA1EF1F-D7AD-483E-AA7D-7112D66B53AE}.Release|ARM.ActiveCfg = Release|Any CPU
		{6EA1EF1F-D7AD-483E-AA7D-7112D66B53AE}.Release|ARM.Build.0 = Release|Any CPU
		{6EA1EF1F-D7AD-483E-AA7D-7112D66B53AE}.Release|ARM64.ActiveCfg = Release|Any CPU
		{6EA1EF1F-D7AD-483E-AA7D-7112D66B53AE}.Release|ARM64.Build.0 = Release|Any CPU
		{6EA1EF1F-D7AD-483E-AA7D-7112D66B53AE}.Release|iPhone.ActiveCfg = Release|Any CPU
		{6EA1EF1F-D7AD-483E-AA7D-7112D66B53AE}.Release|iPhone.Build.0 = Release|Any CPU
		{6EA1EF1F-D7AD-483E-AA7D-7112D66B53AE}.Release|iPhoneSimulator.ActiveCfg = Release|Any CPU
		{6EA1EF1F-D7AD-483E-AA7D-7112D66B53AE}.Release|iPhoneSimulator.Build.0 = Release|Any CPU
		{6EA1EF1F-D7AD-483E-AA7D-7112D66B53AE}.Release|x64.ActiveCfg = Release|Any CPU
		{6EA1EF1F-D7AD-483E-AA7D-7112D66B53AE}.Release|x64.Build.0 = Release|Any CPU
		{6EA1EF1F-D7AD-483E-AA7D-7112D66B53AE}.Release|x86.ActiveCfg = Release|Any CPU
		{6EA1EF1F-D7AD-483E-AA7D-7112D66B53AE}.Release|x86.Build.0 = Release|Any CPU
		{2189102C-8698-4760-A2C5-ADED686F84E2}.Debug|Any CPU.ActiveCfg = Debug|Any CPU
		{2189102C-8698-4760-A2C5-ADED686F84E2}.Debug|Any CPU.Build.0 = Debug|Any CPU
		{2189102C-8698-4760-A2C5-ADED686F84E2}.Debug|ARM.ActiveCfg = Debug|Any CPU
		{2189102C-8698-4760-A2C5-ADED686F84E2}.Debug|ARM.Build.0 = Debug|Any CPU
		{2189102C-8698-4760-A2C5-ADED686F84E2}.Debug|ARM64.ActiveCfg = Debug|Any CPU
		{2189102C-8698-4760-A2C5-ADED686F84E2}.Debug|ARM64.Build.0 = Debug|Any CPU
		{2189102C-8698-4760-A2C5-ADED686F84E2}.Debug|iPhone.ActiveCfg = Debug|Any CPU
		{2189102C-8698-4760-A2C5-ADED686F84E2}.Debug|iPhone.Build.0 = Debug|Any CPU
		{2189102C-8698-4760-A2C5-ADED686F84E2}.Debug|iPhoneSimulator.ActiveCfg = Debug|Any CPU
		{2189102C-8698-4760-A2C5-ADED686F84E2}.Debug|iPhoneSimulator.Build.0 = Debug|Any CPU
		{2189102C-8698-4760-A2C5-ADED686F84E2}.Debug|x64.ActiveCfg = Debug|Any CPU
		{2189102C-8698-4760-A2C5-ADED686F84E2}.Debug|x64.Build.0 = Debug|Any CPU
		{2189102C-8698-4760-A2C5-ADED686F84E2}.Debug|x86.ActiveCfg = Debug|Any CPU
		{2189102C-8698-4760-A2C5-ADED686F84E2}.Debug|x86.Build.0 = Debug|Any CPU
		{2189102C-8698-4760-A2C5-ADED686F84E2}.Release|Any CPU.ActiveCfg = Release|Any CPU
		{2189102C-8698-4760-A2C5-ADED686F84E2}.Release|Any CPU.Build.0 = Release|Any CPU
		{2189102C-8698-4760-A2C5-ADED686F84E2}.Release|ARM.ActiveCfg = Release|Any CPU
		{2189102C-8698-4760-A2C5-ADED686F84E2}.Release|ARM.Build.0 = Release|Any CPU
		{2189102C-8698-4760-A2C5-ADED686F84E2}.Release|ARM64.ActiveCfg = Release|Any CPU
		{2189102C-8698-4760-A2C5-ADED686F84E2}.Release|ARM64.Build.0 = Release|Any CPU
		{2189102C-8698-4760-A2C5-ADED686F84E2}.Release|iPhone.ActiveCfg = Release|Any CPU
		{2189102C-8698-4760-A2C5-ADED686F84E2}.Release|iPhone.Build.0 = Release|Any CPU
		{2189102C-8698-4760-A2C5-ADED686F84E2}.Release|iPhoneSimulator.ActiveCfg = Release|Any CPU
		{2189102C-8698-4760-A2C5-ADED686F84E2}.Release|iPhoneSimulator.Build.0 = Release|Any CPU
		{2189102C-8698-4760-A2C5-ADED686F84E2}.Release|x64.ActiveCfg = Release|Any CPU
		{2189102C-8698-4760-A2C5-ADED686F84E2}.Release|x64.Build.0 = Release|Any CPU
		{2189102C-8698-4760-A2C5-ADED686F84E2}.Release|x86.ActiveCfg = Release|Any CPU
		{2189102C-8698-4760-A2C5-ADED686F84E2}.Release|x86.Build.0 = Release|Any CPU
		{9540EAC0-6667-440C-83CB-A459DCFFF4BA}.Debug|Any CPU.ActiveCfg = Debug|Any CPU
		{9540EAC0-6667-440C-83CB-A459DCFFF4BA}.Debug|Any CPU.Build.0 = Debug|Any CPU
		{9540EAC0-6667-440C-83CB-A459DCFFF4BA}.Debug|Any CPU.Deploy.0 = Debug|Any CPU
		{9540EAC0-6667-440C-83CB-A459DCFFF4BA}.Debug|ARM.ActiveCfg = Debug|Any CPU
		{9540EAC0-6667-440C-83CB-A459DCFFF4BA}.Debug|ARM.Build.0 = Debug|Any CPU
		{9540EAC0-6667-440C-83CB-A459DCFFF4BA}.Debug|ARM.Deploy.0 = Debug|Any CPU
		{9540EAC0-6667-440C-83CB-A459DCFFF4BA}.Debug|ARM64.ActiveCfg = Debug|Any CPU
		{9540EAC0-6667-440C-83CB-A459DCFFF4BA}.Debug|ARM64.Build.0 = Debug|Any CPU
		{9540EAC0-6667-440C-83CB-A459DCFFF4BA}.Debug|ARM64.Deploy.0 = Debug|Any CPU
		{9540EAC0-6667-440C-83CB-A459DCFFF4BA}.Debug|iPhone.ActiveCfg = Debug|Any CPU
		{9540EAC0-6667-440C-83CB-A459DCFFF4BA}.Debug|iPhone.Build.0 = Debug|Any CPU
		{9540EAC0-6667-440C-83CB-A459DCFFF4BA}.Debug|iPhone.Deploy.0 = Debug|Any CPU
		{9540EAC0-6667-440C-83CB-A459DCFFF4BA}.Debug|iPhoneSimulator.ActiveCfg = Debug|Any CPU
		{9540EAC0-6667-440C-83CB-A459DCFFF4BA}.Debug|iPhoneSimulator.Build.0 = Debug|Any CPU
		{9540EAC0-6667-440C-83CB-A459DCFFF4BA}.Debug|iPhoneSimulator.Deploy.0 = Debug|Any CPU
		{9540EAC0-6667-440C-83CB-A459DCFFF4BA}.Debug|x64.ActiveCfg = Debug|Any CPU
		{9540EAC0-6667-440C-83CB-A459DCFFF4BA}.Debug|x64.Build.0 = Debug|Any CPU
		{9540EAC0-6667-440C-83CB-A459DCFFF4BA}.Debug|x64.Deploy.0 = Debug|Any CPU
		{9540EAC0-6667-440C-83CB-A459DCFFF4BA}.Debug|x86.ActiveCfg = Debug|Any CPU
		{9540EAC0-6667-440C-83CB-A459DCFFF4BA}.Debug|x86.Build.0 = Debug|Any CPU
		{9540EAC0-6667-440C-83CB-A459DCFFF4BA}.Debug|x86.Deploy.0 = Debug|Any CPU
		{9540EAC0-6667-440C-83CB-A459DCFFF4BA}.Release|Any CPU.ActiveCfg = Release|Any CPU
		{9540EAC0-6667-440C-83CB-A459DCFFF4BA}.Release|Any CPU.Build.0 = Release|Any CPU
		{9540EAC0-6667-440C-83CB-A459DCFFF4BA}.Release|Any CPU.Deploy.0 = Release|Any CPU
		{9540EAC0-6667-440C-83CB-A459DCFFF4BA}.Release|ARM.ActiveCfg = Release|Any CPU
		{9540EAC0-6667-440C-83CB-A459DCFFF4BA}.Release|ARM.Build.0 = Release|Any CPU
		{9540EAC0-6667-440C-83CB-A459DCFFF4BA}.Release|ARM.Deploy.0 = Release|Any CPU
		{9540EAC0-6667-440C-83CB-A459DCFFF4BA}.Release|ARM64.ActiveCfg = Release|Any CPU
		{9540EAC0-6667-440C-83CB-A459DCFFF4BA}.Release|ARM64.Build.0 = Release|Any CPU
		{9540EAC0-6667-440C-83CB-A459DCFFF4BA}.Release|ARM64.Deploy.0 = Release|Any CPU
		{9540EAC0-6667-440C-83CB-A459DCFFF4BA}.Release|iPhone.ActiveCfg = Release|Any CPU
		{9540EAC0-6667-440C-83CB-A459DCFFF4BA}.Release|iPhone.Build.0 = Release|Any CPU
		{9540EAC0-6667-440C-83CB-A459DCFFF4BA}.Release|iPhone.Deploy.0 = Release|Any CPU
		{9540EAC0-6667-440C-83CB-A459DCFFF4BA}.Release|iPhoneSimulator.ActiveCfg = Release|Any CPU
		{9540EAC0-6667-440C-83CB-A459DCFFF4BA}.Release|iPhoneSimulator.Build.0 = Release|Any CPU
		{9540EAC0-6667-440C-83CB-A459DCFFF4BA}.Release|iPhoneSimulator.Deploy.0 = Release|Any CPU
		{9540EAC0-6667-440C-83CB-A459DCFFF4BA}.Release|x64.ActiveCfg = Release|Any CPU
		{9540EAC0-6667-440C-83CB-A459DCFFF4BA}.Release|x64.Build.0 = Release|Any CPU
		{9540EAC0-6667-440C-83CB-A459DCFFF4BA}.Release|x64.Deploy.0 = Release|Any CPU
		{9540EAC0-6667-440C-83CB-A459DCFFF4BA}.Release|x86.ActiveCfg = Release|Any CPU
		{9540EAC0-6667-440C-83CB-A459DCFFF4BA}.Release|x86.Build.0 = Release|Any CPU
		{9540EAC0-6667-440C-83CB-A459DCFFF4BA}.Release|x86.Deploy.0 = Release|Any CPU
		{D820382D-5CC2-4B0A-80CC-4E35F956F4DC}.Debug|Any CPU.ActiveCfg = Debug|Any CPU
		{D820382D-5CC2-4B0A-80CC-4E35F956F4DC}.Debug|Any CPU.Build.0 = Debug|Any CPU
		{D820382D-5CC2-4B0A-80CC-4E35F956F4DC}.Debug|ARM.ActiveCfg = Debug|Any CPU
		{D820382D-5CC2-4B0A-80CC-4E35F956F4DC}.Debug|ARM.Build.0 = Debug|Any CPU
		{D820382D-5CC2-4B0A-80CC-4E35F956F4DC}.Debug|ARM64.ActiveCfg = Debug|Any CPU
		{D820382D-5CC2-4B0A-80CC-4E35F956F4DC}.Debug|ARM64.Build.0 = Debug|Any CPU
		{D820382D-5CC2-4B0A-80CC-4E35F956F4DC}.Debug|iPhone.ActiveCfg = Debug|Any CPU
		{D820382D-5CC2-4B0A-80CC-4E35F956F4DC}.Debug|iPhone.Build.0 = Debug|Any CPU
		{D820382D-5CC2-4B0A-80CC-4E35F956F4DC}.Debug|iPhoneSimulator.ActiveCfg = Debug|Any CPU
		{D820382D-5CC2-4B0A-80CC-4E35F956F4DC}.Debug|iPhoneSimulator.Build.0 = Debug|Any CPU
		{D820382D-5CC2-4B0A-80CC-4E35F956F4DC}.Debug|x64.ActiveCfg = Debug|Any CPU
		{D820382D-5CC2-4B0A-80CC-4E35F956F4DC}.Debug|x64.Build.0 = Debug|Any CPU
		{D820382D-5CC2-4B0A-80CC-4E35F956F4DC}.Debug|x86.ActiveCfg = Debug|Any CPU
		{D820382D-5CC2-4B0A-80CC-4E35F956F4DC}.Debug|x86.Build.0 = Debug|Any CPU
		{D820382D-5CC2-4B0A-80CC-4E35F956F4DC}.Release|Any CPU.ActiveCfg = Release|Any CPU
		{D820382D-5CC2-4B0A-80CC-4E35F956F4DC}.Release|Any CPU.Build.0 = Release|Any CPU
		{D820382D-5CC2-4B0A-80CC-4E35F956F4DC}.Release|ARM.ActiveCfg = Release|Any CPU
		{D820382D-5CC2-4B0A-80CC-4E35F956F4DC}.Release|ARM.Build.0 = Release|Any CPU
		{D820382D-5CC2-4B0A-80CC-4E35F956F4DC}.Release|ARM64.ActiveCfg = Release|Any CPU
		{D820382D-5CC2-4B0A-80CC-4E35F956F4DC}.Release|ARM64.Build.0 = Release|Any CPU
		{D820382D-5CC2-4B0A-80CC-4E35F956F4DC}.Release|iPhone.ActiveCfg = Release|Any CPU
		{D820382D-5CC2-4B0A-80CC-4E35F956F4DC}.Release|iPhone.Build.0 = Release|Any CPU
		{D820382D-5CC2-4B0A-80CC-4E35F956F4DC}.Release|iPhoneSimulator.ActiveCfg = Release|Any CPU
		{D820382D-5CC2-4B0A-80CC-4E35F956F4DC}.Release|iPhoneSimulator.Build.0 = Release|Any CPU
		{D820382D-5CC2-4B0A-80CC-4E35F956F4DC}.Release|x64.ActiveCfg = Release|Any CPU
		{D820382D-5CC2-4B0A-80CC-4E35F956F4DC}.Release|x64.Build.0 = Release|Any CPU
		{D820382D-5CC2-4B0A-80CC-4E35F956F4DC}.Release|x86.ActiveCfg = Release|Any CPU
		{D820382D-5CC2-4B0A-80CC-4E35F956F4DC}.Release|x86.Build.0 = Release|Any CPU
		{CE180541-1D41-4B75-9394-7D47EB5A7BBB}.Debug|Any CPU.ActiveCfg = Debug|Any CPU
		{CE180541-1D41-4B75-9394-7D47EB5A7BBB}.Debug|Any CPU.Build.0 = Debug|Any CPU
		{CE180541-1D41-4B75-9394-7D47EB5A7BBB}.Debug|ARM.ActiveCfg = Debug|Any CPU
		{CE180541-1D41-4B75-9394-7D47EB5A7BBB}.Debug|ARM.Build.0 = Debug|Any CPU
		{CE180541-1D41-4B75-9394-7D47EB5A7BBB}.Debug|ARM64.ActiveCfg = Debug|Any CPU
		{CE180541-1D41-4B75-9394-7D47EB5A7BBB}.Debug|ARM64.Build.0 = Debug|Any CPU
		{CE180541-1D41-4B75-9394-7D47EB5A7BBB}.Debug|iPhone.ActiveCfg = Debug|Any CPU
		{CE180541-1D41-4B75-9394-7D47EB5A7BBB}.Debug|iPhone.Build.0 = Debug|Any CPU
		{CE180541-1D41-4B75-9394-7D47EB5A7BBB}.Debug|iPhoneSimulator.ActiveCfg = Debug|Any CPU
		{CE180541-1D41-4B75-9394-7D47EB5A7BBB}.Debug|iPhoneSimulator.Build.0 = Debug|Any CPU
		{CE180541-1D41-4B75-9394-7D47EB5A7BBB}.Debug|x64.ActiveCfg = Debug|Any CPU
		{CE180541-1D41-4B75-9394-7D47EB5A7BBB}.Debug|x64.Build.0 = Debug|Any CPU
		{CE180541-1D41-4B75-9394-7D47EB5A7BBB}.Debug|x86.ActiveCfg = Debug|Any CPU
		{CE180541-1D41-4B75-9394-7D47EB5A7BBB}.Debug|x86.Build.0 = Debug|Any CPU
		{CE180541-1D41-4B75-9394-7D47EB5A7BBB}.Release|Any CPU.ActiveCfg = Release|Any CPU
		{CE180541-1D41-4B75-9394-7D47EB5A7BBB}.Release|Any CPU.Build.0 = Release|Any CPU
		{CE180541-1D41-4B75-9394-7D47EB5A7BBB}.Release|ARM.ActiveCfg = Release|Any CPU
		{CE180541-1D41-4B75-9394-7D47EB5A7BBB}.Release|ARM.Build.0 = Release|Any CPU
		{CE180541-1D41-4B75-9394-7D47EB5A7BBB}.Release|ARM64.ActiveCfg = Release|Any CPU
		{CE180541-1D41-4B75-9394-7D47EB5A7BBB}.Release|ARM64.Build.0 = Release|Any CPU
		{CE180541-1D41-4B75-9394-7D47EB5A7BBB}.Release|iPhone.ActiveCfg = Release|Any CPU
		{CE180541-1D41-4B75-9394-7D47EB5A7BBB}.Release|iPhone.Build.0 = Release|Any CPU
		{CE180541-1D41-4B75-9394-7D47EB5A7BBB}.Release|iPhoneSimulator.ActiveCfg = Release|Any CPU
		{CE180541-1D41-4B75-9394-7D47EB5A7BBB}.Release|iPhoneSimulator.Build.0 = Release|Any CPU
		{CE180541-1D41-4B75-9394-7D47EB5A7BBB}.Release|x64.ActiveCfg = Release|Any CPU
		{CE180541-1D41-4B75-9394-7D47EB5A7BBB}.Release|x64.Build.0 = Release|Any CPU
		{CE180541-1D41-4B75-9394-7D47EB5A7BBB}.Release|x86.ActiveCfg = Release|Any CPU
		{CE180541-1D41-4B75-9394-7D47EB5A7BBB}.Release|x86.Build.0 = Release|Any CPU
		{FA9192DD-3DF5-4A89-B110-93AB4993C44B}.Debug|Any CPU.ActiveCfg = Debug|x64
		{FA9192DD-3DF5-4A89-B110-93AB4993C44B}.Debug|Any CPU.Build.0 = Debug|x64
		{FA9192DD-3DF5-4A89-B110-93AB4993C44B}.Debug|Any CPU.Deploy.0 = Debug|x64
		{FA9192DD-3DF5-4A89-B110-93AB4993C44B}.Debug|ARM.ActiveCfg = Debug|x64
		{FA9192DD-3DF5-4A89-B110-93AB4993C44B}.Debug|ARM.Build.0 = Debug|x64
		{FA9192DD-3DF5-4A89-B110-93AB4993C44B}.Debug|ARM.Deploy.0 = Debug|x64
		{FA9192DD-3DF5-4A89-B110-93AB4993C44B}.Debug|ARM64.ActiveCfg = Debug|arm64
		{FA9192DD-3DF5-4A89-B110-93AB4993C44B}.Debug|ARM64.Build.0 = Debug|arm64
		{FA9192DD-3DF5-4A89-B110-93AB4993C44B}.Debug|ARM64.Deploy.0 = Debug|arm64
		{FA9192DD-3DF5-4A89-B110-93AB4993C44B}.Debug|iPhone.ActiveCfg = Debug|x64
		{FA9192DD-3DF5-4A89-B110-93AB4993C44B}.Debug|iPhone.Build.0 = Debug|x64
		{FA9192DD-3DF5-4A89-B110-93AB4993C44B}.Debug|iPhone.Deploy.0 = Debug|x64
		{FA9192DD-3DF5-4A89-B110-93AB4993C44B}.Debug|iPhoneSimulator.ActiveCfg = Debug|x64
		{FA9192DD-3DF5-4A89-B110-93AB4993C44B}.Debug|iPhoneSimulator.Build.0 = Debug|x64
		{FA9192DD-3DF5-4A89-B110-93AB4993C44B}.Debug|iPhoneSimulator.Deploy.0 = Debug|x64
		{FA9192DD-3DF5-4A89-B110-93AB4993C44B}.Debug|x64.ActiveCfg = Debug|x64
		{FA9192DD-3DF5-4A89-B110-93AB4993C44B}.Debug|x64.Build.0 = Debug|x64
		{FA9192DD-3DF5-4A89-B110-93AB4993C44B}.Debug|x86.ActiveCfg = Debug|x86
		{FA9192DD-3DF5-4A89-B110-93AB4993C44B}.Debug|x86.Build.0 = Debug|x86
		{FA9192DD-3DF5-4A89-B110-93AB4993C44B}.Release|Any CPU.ActiveCfg = Release|x64
		{FA9192DD-3DF5-4A89-B110-93AB4993C44B}.Release|Any CPU.Build.0 = Release|x64
		{FA9192DD-3DF5-4A89-B110-93AB4993C44B}.Release|Any CPU.Deploy.0 = Release|x64
		{FA9192DD-3DF5-4A89-B110-93AB4993C44B}.Release|ARM.ActiveCfg = Release|x64
		{FA9192DD-3DF5-4A89-B110-93AB4993C44B}.Release|ARM.Build.0 = Release|x64
		{FA9192DD-3DF5-4A89-B110-93AB4993C44B}.Release|ARM64.ActiveCfg = Release|arm64
		{FA9192DD-3DF5-4A89-B110-93AB4993C44B}.Release|ARM64.Build.0 = Release|arm64
		{FA9192DD-3DF5-4A89-B110-93AB4993C44B}.Release|iPhone.ActiveCfg = Release|x64
		{FA9192DD-3DF5-4A89-B110-93AB4993C44B}.Release|iPhone.Build.0 = Release|x64
		{FA9192DD-3DF5-4A89-B110-93AB4993C44B}.Release|iPhoneSimulator.ActiveCfg = Release|x64
		{FA9192DD-3DF5-4A89-B110-93AB4993C44B}.Release|iPhoneSimulator.Build.0 = Release|x64
		{FA9192DD-3DF5-4A89-B110-93AB4993C44B}.Release|x64.ActiveCfg = Release|x64
		{FA9192DD-3DF5-4A89-B110-93AB4993C44B}.Release|x64.Build.0 = Release|x64
		{FA9192DD-3DF5-4A89-B110-93AB4993C44B}.Release|x86.ActiveCfg = Release|x86
		{FA9192DD-3DF5-4A89-B110-93AB4993C44B}.Release|x86.Build.0 = Release|x86
	EndGlobalSection
	GlobalSection(SolutionProperties) = preSolution
		HideSolutionNode = FALSE
	EndGlobalSection
	GlobalSection(NestedProjects) = preSolution
		{266AAFBA-FDDC-4272-8FDE-3BB411C6FC3D} = {71CF26F0-EAFC-4B64-BC68-BFC9756CF1B1}
		{6EA1EF1F-D7AD-483E-AA7D-7112D66B53AE} = {71CF26F0-EAFC-4B64-BC68-BFC9756CF1B1}
		{2189102C-8698-4760-A2C5-ADED686F84E2} = {266AAFBA-FDDC-4272-8FDE-3BB411C6FC3D}
		{9540EAC0-6667-440C-83CB-A459DCFFF4BA} = {266AAFBA-FDDC-4272-8FDE-3BB411C6FC3D}
		{D820382D-5CC2-4B0A-80CC-4E35F956F4DC} = {266AAFBA-FDDC-4272-8FDE-3BB411C6FC3D}
		{CE180541-1D41-4B75-9394-7D47EB5A7BBB} = {266AAFBA-FDDC-4272-8FDE-3BB411C6FC3D}
		{FA9192DD-3DF5-4A89-B110-93AB4993C44B} = {266AAFBA-FDDC-4272-8FDE-3BB411C6FC3D}
	EndGlobalSection
	GlobalSection(ExtensibilityGlobals) = postSolution
		SolutionGuid = {D1016A66-F342-4D50-8360-454F49407786}
	EndGlobalSection
EndGlobal
